
Microsoft Visual Studio Solution File, Format Version 12.00
# Visual Studio Version 16
VisualStudioVersion = 16.0.30611.23
MinimumVisualStudioVersion = 10.0.40219.1
Project("{9A19103F-16F7-4668-BE54-9A1E7A4F7556}") = "ActorsRazorPages", "ActorsRazorPages.csproj", "{24B99B2F-A801-4F15-88B4-3B88A8A1CAC7}"
EndProject
Global
	GlobalSection(SolutionConfigurationPlatforms) = preSolution
		Debug|Any CPU = Debug|Any CPU
		Release|Any CPU = Release|Any CPU
	EndGlobalSection
	GlobalSection(ProjectConfigurationPlatforms) = postSolution
		{24B99B2F-A801-4F15-88B4-3B88A8A1CAC7}.Debug|Any CPU.ActiveCfg = Debug|Any CPU
		{24B99B2F-A801-4F15-88B4-3B88A8A1CAC7}.Debug|Any CPU.Build.0 = Debug|Any CPU
		{24B99B2F-A801-4F15-88B4-3B88A8A1CAC7}.Release|Any CPU.ActiveCfg = Release|Any CPU
		{24B99B2F-A801-4F15-88B4-3B88A8A1CAC7}.Release|Any CPU.Build.0 = Release|Any CPU
	EndGlobalSection
	GlobalSection(SolutionProperties) = preSolution
		HideSolutionNode = FALSE
	EndGlobalSection
	GlobalSection(ExtensibilityGlobals) = postSolution
		SolutionGuid = {B1A1589E-DB92-4803-B525-B0007F79A570}
	EndGlobalSection
EndGlobal
